// !$*UTF8*$!
{
	archiveVersion = 1;
	classes = {
	};
	objectVersion = 50;
	objects = {

/* Begin PBXBuildFile section */
		FB964EC2219538D40069AA8E /* AppDelegate.m in Sources */ = {isa = PBXBuildFile; fileRef = FB964EC1219538D40069AA8E /* AppDelegate.m */; };
		FB964EC5219538D40069AA8E /* ViewController.m in Sources */ = {isa = PBXBuildFile; fileRef = FB964EC4219538D40069AA8E /* ViewController.m */; };
		FB964EC8219538D40069AA8E /* Main.storyboard in Resources */ = {isa = PBXBuildFile; fileRef = FB964EC6219538D40069AA8E /* Main.storyboard */; };
		FB964ECA219538D60069AA8E /* Assets.xcassets in Resources */ = {isa = PBXBuildFile; fileRef = FB964EC9219538D60069AA8E /* Assets.xcassets */; };
		FB964ECD219538D60069AA8E /* LaunchScreen.storyboard in Resources */ = {isa = PBXBuildFile; fileRef = FB964ECB219538D60069AA8E /* LaunchScreen.storyboard */; };
		FB964ED0219538D60069AA8E /* main.m in Sources */ = {isa = PBXBuildFile; fileRef = FB964ECF219538D60069AA8E /* main.m */; };
		FB964EDA219538EB0069AA8E /* AGLKVertexAttribArrayBuffer.m in Sources */ = {isa = PBXBuildFile; fileRef = FB964ED7219538EB0069AA8E /* AGLKVertexAttribArrayBuffer.m */; };
		FB964EDB219538EB0069AA8E /* AGLKContext.m in Sources */ = {isa = PBXBuildFile; fileRef = FB964ED8219538EB0069AA8E /* AGLKContext.m */; };
		FB964EDD219567B30069AA8E /* leaves_transparency.gif in Resources */ = {isa = PBXBuildFile; fileRef = FB964EDC219567B30069AA8E /* leaves_transparency.gif */; };
		FB964EDF219567BF0069AA8E /* beetle.png in Resources */ = {isa = PBXBuildFile; fileRef = FB964EDE219567BE0069AA8E /* beetle.png */; };
		FB964EE2219567DA0069AA8E /* AGLKTextureMatrix2PointLightShader.vsh in Resources */ = {isa = PBXBuildFile; fileRef = FB964EE0219567D90069AA8E /* AGLKTextureMatrix2PointLightShader.vsh */; };
		FB964EE3219567DA0069AA8E /* AGLKTextureMatrix2PointLightShader.fsh in Resources */ = {isa = PBXBuildFile; fileRef = FB964EE1219567DA0069AA8E /* AGLKTextureMatrix2PointLightShader.fsh */; };
		FB964EE6219568A00069AA8E /* AGLKTextureTransformBaseEffect.m in Sources */ = {isa = PBXBuildFile; fileRef = FB964EE5219568A00069AA8E /* AGLKTextureTransformBaseEffect.m */; };
/* End PBXBuildFile section */

/* Begin PBXFileReference section */
		FB964EBD219538D40069AA8E /* Ch05-05.app */ = {isa = PBXFileReference; explicitFileType = wrapper.application; includeInIndex = 0; path = "Ch05-05.app"; sourceTree = BUILT_PRODUCTS_DIR; };
		FB964EC0219538D40069AA8E /* AppDelegate.h */ = {isa = PBXFileReference; lastKnownFileType = sourcecode.c.h; path = AppDelegate.h; sourceTree = "<group>"; };
		FB964EC1219538D40069AA8E /* AppDelegate.m */ = {isa = PBXFileReference; lastKnownFileType = sourcecode.c.objc; path = AppDelegate.m; sourceTree = "<group>"; };
		FB964EC3219538D40069AA8E /* ViewController.h */ = {isa = PBXFileReference; lastKnownFileType = sourcecode.c.h; path = ViewController.h; sourceTree = "<group>"; };
		FB964EC4219538D40069AA8E /* ViewController.m */ = {isa = PBXFileReference; lastKnownFileType = sourcecode.c.objc; path = ViewController.m; sourceTree = "<group>"; };
		FB964EC7219538D40069AA8E /* Base */ = {isa = PBXFileReference; lastKnownFileType = file.storyboard; name = Base; path = Base.lproj/Main.storyboard; sourceTree = "<group>"; };
		FB964EC9219538D60069AA8E /* Assets.xcassets */ = {isa = PBXFileReference; lastKnownFileType = folder.assetcatalog; path = Assets.xcassets; sourceTree = "<group>"; };
		FB964ECC219538D60069AA8E /* Base */ = {isa = PBXFileReference; lastKnownFileType = file.storyboard; name = Base; path = Base.lproj/LaunchScreen.storyboard; sourceTree = "<group>"; };
		FB964ECE219538D60069AA8E /* Info.plist */ = {isa = PBXFileReference; lastKnownFileType = text.plist.xml; path = Info.plist; sourceTree = "<group>"; };
		FB964ECF219538D60069AA8E /* main.m */ = {isa = PBXFileReference; lastKnownFileType = sourcecode.c.objc; path = main.m; sourceTree = "<group>"; };
		FB964ED6219538EB0069AA8E /* AGLKVertexAttribArrayBuffer.h */ = {isa = PBXFileReference; fileEncoding = 4; lastKnownFileType = sourcecode.c.h; name = AGLKVertexAttribArrayBuffer.h; path = ../../AGLKit/AGLKVertexAttribArrayBuffer.h; sourceTree = "<group>"; };
		FB964ED7219538EB0069AA8E /* AGLKVertexAttribArrayBuffer.m */ = {isa = PBXFileReference; fileEncoding = 4; lastKnownFileType = sourcecode.c.objc; name = AGLKVertexAttribArrayBuffer.m; path = ../../AGLKit/AGLKVertexAttribArrayBuffer.m; sourceTree = "<group>"; };
		FB964ED8219538EB0069AA8E /* AGLKContext.m */ = {isa = PBXFileReference; fileEncoding = 4; lastKnownFileType = sourcecode.c.objc; name = AGLKContext.m; path = ../../AGLKit/AGLKContext.m; sourceTree = "<group>"; };
		FB964ED9219538EB0069AA8E /* AGLKContext.h */ = {isa = PBXFileReference; fileEncoding = 4; lastKnownFileType = sourcecode.c.h; name = AGLKContext.h; path = ../../AGLKit/AGLKContext.h; sourceTree = "<group>"; };
		FB964EDC219567B30069AA8E /* leaves_transparency.gif */ = {isa = PBXFileReference; lastKnownFileType = image.gif; name = leaves_transparency.gif; path = ../../Resources/leaves_transparency.gif; sourceTree = "<group>"; };
		FB964EDE219567BE0069AA8E /* beetle.png */ = {isa = PBXFileReference; lastKnownFileType = image.png; name = beetle.png; path = ../../Resources/beetle.png; sourceTree = "<group>"; };
		FB964EE0219567D90069AA8E /* AGLKTextureMatrix2PointLightShader.vsh */ = {isa = PBXFileReference; fileEncoding = 4; lastKnownFileType = sourcecode.glsl; name = AGLKTextureMatrix2PointLightShader.vsh; path = ../../Shaders/AGLKTextureMatrix2PointLightShader.vsh; sourceTree = "<group>"; };
		FB964EE1219567DA0069AA8E /* AGLKTextureMatrix2PointLightShader.fsh */ = {isa = PBXFileReference; fileEncoding = 4; lastKnownFileType = sourcecode.glsl; name = AGLKTextureMatrix2PointLightShader.fsh; path = ../../Shaders/AGLKTextureMatrix2PointLightShader.fsh; sourceTree = "<group>"; };
		FB964EE4219568A00069AA8E /* AGLKTextureTransformBaseEffect.h */ = {isa = PBXFileReference; lastKnownFileType = sourcecode.c.h; name = AGLKTextureTransformBaseEffect.h; path = ../../AGLKit/AGLKTextureTransformBaseEffect.h; sourceTree = "<group>"; };
		FB964EE5219568A00069AA8E /* AGLKTextureTransformBaseEffect.m */ = {isa = PBXFileReference; lastKnownFileType = sourcecode.c.objc; name = AGLKTextureTransformBaseEffect.m; path = ../../AGLKit/AGLKTextureTransformBaseEffect.m; sourceTree = "<group>"; };
/* End PBXFileReference section */

/* Begin PBXFrameworksBuildPhase section */
		FB964EBA219538D40069AA8E /* Frameworks */ = {
			isa = PBXFrameworksBuildPhase;
			buildActionMask = 2147483647;
			files = (
			);
			runOnlyForDeploymentPostprocessing = 0;
		};
/* End PBXFrameworksBuildPhase section */

/* Begin PBXGroup section */
		FB964EB4219538D40069AA8E = {
			isa = PBXGroup;
			children = (
				FB964EBF219538D40069AA8E /* Ch05-05 */,
				FB964EBE219538D40069AA8E /* Products */,
			);
			sourceTree = "<group>";
		};
		FB964EBE219538D40069AA8E /* Products */ = {
			isa = PBXGroup;
			children = (
				FB964EBD219538D40069AA8E /* Ch05-05.app */,
			);
			name = Products;
			sourceTree = "<group>";
		};
		FB964EBF219538D40069AA8E /* Ch05-05 */ = {
			isa = PBXGroup;
			children = (
				FB964ED9219538EB0069AA8E /* AGLKContext.h */,
				FB964ED8219538EB0069AA8E /* AGLKContext.m */,
				FB964ED6219538EB0069AA8E /* AGLKVertexAttribArrayBuffer.h */,
				FB964ED7219538EB0069AA8E /* AGLKVertexAttribArrayBuffer.m */,
				FB964EE4219568A00069AA8E /* AGLKTextureTransformBaseEffect.h */,
				FB964EE5219568A00069AA8E /* AGLKTextureTransformBaseEffect.m */,
				FB964EC0219538D40069AA8E /* AppDelegate.h */,
				FB964EC1219538D40069AA8E /* AppDelegate.m */,
				FB964EC3219538D40069AA8E /* ViewController.h */,
				FB964EC4219538D40069AA8E /* ViewController.m */,
				FB964EC6219538D40069AA8E /* Main.storyboard */,
				FB964EC9219538D60069AA8E /* Assets.xcassets */,
				FB964ECB219538D60069AA8E /* LaunchScreen.storyboard */,
				FB964ECE219538D60069AA8E /* Info.plist */,
				FB964ECF219538D60069AA8E /* main.m */,
				FB964EDE219567BE0069AA8E /* beetle.png */,
				FB964EDC219567B30069AA8E /* leaves_transparency.gif */,
				FB964EE1219567DA0069AA8E /* AGLKTextureMatrix2PointLightShader.fsh */,
				FB964EE0219567D90069AA8E /* AGLKTextureMatrix2PointLightShader.vsh */,
			);
			path = "Ch05-05";
			sourceTree = "<group>";
		};
/* End PBXGroup section */

/* Begin PBXNativeTarget section */
		FB964EBC219538D40069AA8E /* Ch05-05 */ = {
			isa = PBXNativeTarget;
			buildConfigurationList = FB964ED3219538D60069AA8E /* Build configuration list for PBXNativeTarget "Ch05-05" */;
			buildPhases = (
				FB964EB9219538D40069AA8E /* Sources */,
				FB964EBA219538D40069AA8E /* Frameworks */,
				FB964EBB219538D40069AA8E /* Resources */,
			);
			buildRules = (
			);
			dependencies = (
			);
			name = "Ch05-05";
			productName = "Ch05-05";
			productReference = FB964EBD219538D40069AA8E /* Ch05-05.app */;
			productType = "com.apple.product-type.application";
		};
/* End PBXNativeTarget section */

/* Begin PBXProject section */
		FB964EB5219538D40069AA8E /* Project object */ = {
			isa = PBXProject;
			attributes = {
				LastUpgradeCheck = 0940;
				ORGANIZATIONNAME = Bq;
				TargetAttributes = {
					FB964EBC219538D40069AA8E = {
						CreatedOnToolsVersion = 9.4.1;
					};
				};
			};
			buildConfigurationList = FB964EB8219538D40069AA8E /* Build configuration list for PBXProject "Ch05-05" */;
			compatibilityVersion = "Xcode 9.3";
			developmentRegion = en;
			hasScannedForEncodings = 0;
			knownRegions = (
				en,
				Base,
			);
			mainGroup = FB964EB4219538D40069AA8E;
			productRefGroup = FB964EBE219538D40069AA8E /* Products */;
			projectDirPath = "";
			projectRoot = "";
			targets = (
				FB964EBC219538D40069AA8E /* Ch05-05 */,
			);
		};
/* End PBXProject section */

/* Begin PBXResourcesBuildPhase section */
		FB964EBB219538D40069AA8E /* Resources */ = {
			isa = PBXResourcesBuildPhase;
			buildActionMask = 2147483647;
			files = (
				FB964EDD219567B30069AA8E /* leaves_transparency.gif in Resources */,
				FB964EE2219567DA0069AA8E /* AGLKTextureMatrix2PointLightShader.vsh in Resources */,
				FB964ECD219538D60069AA8E /* LaunchScreen.storyboard in Resources */,
				FB964ECA219538D60069AA8E /* Assets.xcassets in Resources */,
				FB964EC8219538D40069AA8E /* Main.storyboard in Resources */,
				FB964EE3219567DA0069AA8E /* AGLKTextureMatrix2PointLightShader.fsh in Resources */,
				FB964EDF219567BF0069AA8E /* beetle.png in Resources */,
			);
			runOnlyForDeploymentPostprocessing = 0;
		};
/* End PBXResourcesBuildPhase section */

/* Begin PBXSourcesBuildPhase section */
		FB964EB9219538D40069AA8E /* Sources */ = {
			isa = PBXSourcesBuildPhase;
			buildActionMask = 2147483647;
			files = (
				FB964EDB219538EB0069AA8E /* AGLKContext.m in Sources */,
				FB964EDA219538EB0069AA8E /* AGLKVertexAttribArrayBuffer.m in Sources */,
				FB964EC5219538D40069AA8E /* ViewController.m in Sources */,
				FB964ED0219538D60069AA8E /* main.m in Sources */,
				FB964EE6219568A00069AA8E /* AGLKTextureTransformBaseEffect.m in Sources */,
				FB964EC2219538D40069AA8E /* AppDelegate.m in Sources */,
			);
			runOnlyForDeploymentPostprocessing = 0;
		};
/* End PBXSourcesBuildPhase section */

/* Begin PBXVariantGroup section */
		FB964EC6219538D40069AA8E /* Main.storyboard */ = {
			isa = PBXVariantGroup;
			children = (
				FB964EC7219538D40069AA8E /* Base */,
			);
			name = Main.storyboard;
			sourceTree = "<group>";
		};
		FB964ECB219538D60069AA8E /* LaunchScreen.storyboard */ = {
			isa = PBXVariantGroup;
			children = (
				FB964ECC219538D60069AA8E /* Base */,
			);
			name = LaunchScreen.storyboard;
			sourceTree = "<group>";
		};
/* End PBXVariantGroup section */

/* Begin XCBuildConfiguration section */
		FB964ED1219538D60069AA8E /* Debug */ = {
			isa = XCBuildConfiguration;
			buildSettings = {
				ALWAYS_SEARCH_USER_PATHS = NO;
				CLANG_ANALYZER_NONNULL = YES;
				CLANG_ANALYZER_NUMBER_OBJECT_CONVERSION = YES_AGGRESSIVE;
				CLANG_CXX_LANGUAGE_STANDARD = "gnu++14";
				CLANG_CXX_LIBRARY = "libc++";
				CLANG_ENABLE_MODULES = YES;
				CLANG_ENABLE_OBJC_ARC = YES;
				CLANG_ENABLE_OBJC_WEAK = YES;
				CLANG_WARN_BLOCK_CAPTURE_AUTORELEASING = YES;
				CLANG_WARN_BOOL_CONVERSION = YES;
				CLANG_WARN_COMMA = YES;
				CLANG_WARN_CONSTANT_CONVERSION = YES;
				CLANG_WARN_DEPRECATED_OBJC_IMPLEMENTATIONS = YES;
				CLANG_WARN_DIRECT_OBJC_ISA_USAGE = YES_ERROR;
				CLANG_WARN_DOCUMENTATION_COMMENTS = YES;
				CLANG_WARN_EMPTY_BODY = YES;
				CLANG_WARN_ENUM_CONVERSION = YES;
				CLANG_WARN_INFINITE_RECURSION = YES;
				CLANG_WARN_INT_CONVERSION = YES;
				CLANG_WARN_NON_LITERAL_NULL_CONVERSION = YES;
				CLANG_WARN_OBJC_IMPLICIT_RETAIN_SELF = YES;
				CLANG_WARN_OBJC_LITERAL_CONVERSION = YES;
				CLANG_WARN_OBJC_ROOT_CLASS = YES_ERROR;
				CLANG_WARN_RANGE_LOOP_ANALYSIS = YES;
				CLANG_WARN_STRICT_PROTOTYPES = YES;
				CLANG_WARN_SUSPICIOUS_MOVE = YES;
				CLANG_WARN_UNGUARDED_AVAILABILITY = YES_AGGRESSIVE;
				CLANG_WARN_UNREACHABLE_CODE = YES;
				CLANG_WARN__DUPLICATE_METHOD_MATCH = YES;
				CODE_SIGN_IDENTITY = "iPhone Developer";
				COPY_PHASE_STRIP = NO;
				DEBUG_INFORMATION_FORMAT = dwarf;
				ENABLE_STRICT_OBJC_MSGSEND = YES;
				ENABLE_TESTABILITY = YES;
				GCC_C_LANGUAGE_STANDARD = gnu11;
				GCC_DYNAMIC_NO_PIC = NO;
				GCC_NO_COMMON_BLOCKS = YES;
				GCC_OPTIMIZATION_LEVEL = 0;
				GCC_PREPROCESSOR_DEFINITIONS = (
					"DEBUG=1",
					"$(inherited)",
				);
				GCC_WARN_64_TO_32_BIT_CONVERSION = YES;
				GCC_WARN_ABOUT_RETURN_TYPE = YES_ERROR;
				GCC_WARN_UNDECLARED_SELECTOR = YES;
				GCC_WARN_UNINITIALIZED_AUTOS = YES_AGGRESSIVE;
				GCC_WARN_UNUSED_FUNCTION = YES;
				GCC_WARN_UNUSED_VARIABLE = YES;
				IPHONEOS_DEPLOYMENT_TARGET = 11.4;
				MTL_ENABLE_DEBUG_INFO = YES;
				ONLY_ACTIVE_ARCH = YES;
				SDKROOT = iphoneos;
			};
			name = Debug;
		};
		FB964ED2219538D60069AA8E /* Release */ = {
			isa = XCBuildConfiguration;
			buildSettings = {
				ALWAYS_SEARCH_USER_PATHS = NO;
				CLANG_ANALYZER_NONNULL = YES;
				CLANG_ANALYZER_NUMBER_OBJECT_CONVERSION = YES_AGGRESSIVE;
				CLANG_CXX_LANGUAGE_STANDARD = "gnu++14";
				CLANG_CXX_LIBRARY = "libc++";
				CLANG_ENABLE_MODULES = YES;
				CLANG_ENABLE_OBJC_ARC = YES;
				CLANG_ENABLE_OBJC_WEAK = YES;
				CLANG_WARN_BLOCK_CAPTURE_AUTORELEASING = YES;
				CLANG_WARN_BOOL_CONVERSION = YES;
				CLANG_WARN_COMMA = YES;
				CLANG_WARN_CONSTANT_CONVERSION = YES;
				CLANG_WARN_DEPRECATED_OBJC_IMPLEMENTATIONS = YES;
				CLANG_WARN_DIRECT_OBJC_ISA_USAGE = YES_ERROR;
				CLANG_WARN_DOCUMENTATION_COMMENTS = YES;
				CLANG_WARN_EMPTY_BODY = YES;
				CLANG_WARN_ENUM_CONVERSION = YES;
				CLANG_WARN_INFINITE_RECURSION = YES;
				CLANG_WARN_INT_CONVERSION = YES;
				CLANG_WARN_NON_LITERAL_NULL_CONVERSION = YES;
				CLANG_WARN_OBJC_IMPLICIT_RETAIN_SELF = YES;
				CLANG_WARN_OBJC_LITERAL_CONVERSION = YES;
				CLANG_WARN_OBJC_ROOT_CLASS = YES_ERROR;
				CLANG_WARN_RANGE_LOOP_ANALYSIS = YES;
				CLANG_WARN_STRICT_PROTOTYPES = YES;
				CLANG_WARN_SUSPICIOUS_MOVE = YES;
				CLANG_WARN_UNGUARDED_AVAILABILITY = YES_AGGRESSIVE;
				CLANG_WARN_UNREACHABLE_CODE = YES;
				CLANG_WARN__DUPLICATE_METHOD_MATCH = YES;
				CODE_SIGN_IDENTITY = "iPhone Developer";
				COPY_PHASE_STRIP = NO;
				DEBUG_INFORMATION_FORMAT = "dwarf-with-dsym";
				ENABLE_NS_ASSERTIONS = NO;
				ENABLE_STRICT_OBJC_MSGSEND = YES;
				GCC_C_LANGUAGE_STANDARD = gnu11;
				GCC_NO_COMMON_BLOCKS = YES;
				GCC_WARN_64_TO_32_BIT_CONVERSION = YES;
				GCC_WARN_ABOUT_RETURN_TYPE = YES_ERROR;
				GCC_WARN_UNDECLARED_SELECTOR = YES;
				GCC_WARN_UNINITIALIZED_AUTOS = YES_AGGRESSIVE;
				GCC_WARN_UNUSED_FUNCTION = YES;
				GCC_WARN_UNUSED_VARIABLE = YES;
				IPHONEOS_DEPLOYMENT_TARGET = 11.4;
				MTL_ENABLE_DEBUG_INFO = NO;
				SDKROOT = iphoneos;
				VALIDATE_PRODUCT = YES;
			};
			name = Release;
		};
		FB964ED4219538D60069AA8E /* Debug */ = {
			isa = XCBuildConfiguration;
			buildSettings = {
				ASSETCATALOG_COMPILER_APPICON_NAME = AppIcon;
				CODE_SIGN_STYLE = Automatic;
				DEVELOPMENT_TEAM = 9U2KRZU6GT;
				INFOPLIST_FILE = "Ch05-05/Info.plist";
				IPHONEOS_DEPLOYMENT_TARGET = 8.0;
				LD_RUNPATH_SEARCH_PATHS = (
					"$(inherited)",
					"@executable_path/Frameworks",
				);
				PRODUCT_BUNDLE_IDENTIFIER = "bq.Ch05-05";
				PRODUCT_NAME = "$(TARGET_NAME)";
				TARGETED_DEVICE_FAMILY = "1,2";
			};
			name = Debug;
		};
		FB964ED5219538D60069AA8E /* Release */ = {
			isa = XCBuildConfiguration;
			buildSettings = {
				ASSETCATALOG_COMPILER_APPICON_NAME = AppIcon;
				CODE_SIGN_STYLE = Automatic;
				DEVELOPMENT_TEAM = 9U2KRZU6GT;
				INFOPLIST_FILE = "Ch05-05/Info.plist";
				IPHONEOS_DEPLOYMENT_TARGET = 8.0;
				LD_RUNPATH_SEARCH_PATHS = (
					"$(inherited)",
					"@executable_path/Frameworks",
				);
				PRODUCT_BUNDLE_IDENTIFIER = "bq.Ch05-05";
				PRODUCT_NAME = "$(TARGET_NAME)";
				TARGETED_DEVICE_FAMILY = "1,2";
			};
			name = Release;
		};
/* End XCBuildConfiguration section */

/* Begin XCConfigurationList section */
		FB964EB8219538D40069AA8E /* Build configuration list for PBXProject "Ch05-05" */ = {
			isa = XCConfigurationList;
			buildConfigurations = (
				FB964ED1219538D60069AA8E /* Debug */,
				FB964ED2219538D60069AA8E /* Release */,
			);
			defaultConfigurationIsVisible = 0;
			defaultConfigurationName = Release;
		};
		FB964ED3219538D60069AA8E /* Build configuration list for PBXNativeTarget "Ch05-05" */ = {
			isa = XCConfigurationList;
			buildConfigurations = (
				FB964ED4219538D60069AA8E /* Debug */,
				FB964ED5219538D60069AA8E /* Release */,
			);
			defaultConfigurationIsVisible = 0;
			defaultConfigurationName = Release;
		};
/* End XCConfigurationList section */
	};
	rootObject = FB964EB5219538D40069AA8E /* Project object */;
}
